{
  "originHash" : "d843d5aed0ac4ca565504da92b31d0c6dc9b6ff8a36e0a14dd728cb4b56b10ab",
  "pins" : [
    {
      "identity" : "moviedatabaseapi",
      "kind" : "remoteSourceControl",
      "location" : "https://github.com/junho15/MovieDatabaseAPI.git",
      "state" : {
        "revision" : "d165fe2db107ea9702aabaad34797ba67dffbe73",
        "version" : "1.0.2"
      }
    }
  ],
  "version" : 3
}
