// !$*UTF8*$!
{
	archiveVersion = 1;
	classes = {
	};
	objectVersion = 56;
	objects = {

/* Begin PBXBuildFile section */
		EB0A63D62BA9B09400B575E2 /* WhereToWatchApp.swift in Sources */ = {isa = PBXBuildFile; fileRef = EB0A63D52BA9B09400B575E2 /* WhereToWatchApp.swift */; };
		EB0A63D82BA9B09400B575E2 /* ContentView.swift in Sources */ = {isa = PBXBuildFile; fileRef = EB0A63D72BA9B09400B575E2 /* ContentView.swift */; };
		EB0A63DA2BA9B09500B575E2 /* Assets.xcassets in Resources */ = {isa = PBXBuildFile; fileRef = EB0A63D92BA9B09500B575E2 /* Assets.xcassets */; };
		EB0A63DE2BA9B09500B575E2 /* Preview Assets.xcassets in Resources */ = {isa = PBXBuildFile; fileRef = EB0A63DD2BA9B09500B575E2 /* Preview Assets.xcassets */; };
		EB0A63F92BA9C21800B575E2 /* Localizable.strings in Resources */ = {isa = PBXBuildFile; fileRef = EB0A63F72BA9C21800B575E2 /* Localizable.strings */; };
		EB0A640D2BAB026800B575E2 /* Secrets.swift in Sources */ = {isa = PBXBuildFile; fileRef = EB0A640C2BAB026800B575E2 /* Secrets.swift */; };
		EB58302E2BB6ED0E00A05309 /* MovieDatabaseAPI in Frameworks */ = {isa = PBXBuildFile; productRef = EB58302D2BB6ED0E00A05309 /* MovieDatabaseAPI */; };
		EB5830332BBBEC7900A05309 /* MediaItem.swift in Sources */ = {isa = PBXBuildFile; fileRef = EB5830322BBBEC7900A05309 /* MediaItem.swift */; };
		EB5830362BBBEE4700A05309 /* Date.swift in Sources */ = {isa = PBXBuildFile; fileRef = EB5830352BBBEE4700A05309 /* Date.swift */; };
		EB5830382BBBF3CE00A05309 /* MediaType.swift in Sources */ = {isa = PBXBuildFile; fileRef = EB5830372BBBF3CE00A05309 /* MediaType.swift */; };
		EB58303A2BBD1FF500A05309 /* PreviewData.swift in Sources */ = {isa = PBXBuildFile; fileRef = EB5830392BBD1FF500A05309 /* PreviewData.swift */; };
		EB58303C2BBE684D00A05309 /* MovieDatabaseAPIError.swift in Sources */ = {isa = PBXBuildFile; fileRef = EB58303B2BBE684D00A05309 /* MovieDatabaseAPIError.swift */; };
		EB58303E2BBE68BB00A05309 /* WatchProviderType.swift in Sources */ = {isa = PBXBuildFile; fileRef = EB58303D2BBE68BB00A05309 /* WatchProviderType.swift */; };
		EB5830402BBE6E7000A05309 /* TrendingViewModel.swift in Sources */ = {isa = PBXBuildFile; fileRef = EB58303F2BBE6E7000A05309 /* TrendingViewModel.swift */; };
		EB5830422BBE74CE00A05309 /* LocaleRepresentable.swift in Sources */ = {isa = PBXBuildFile; fileRef = EB5830412BBE74CE00A05309 /* LocaleRepresentable.swift */; };
		EB5830442BBED97F00A05309 /* GenresListFetcher.swift in Sources */ = {isa = PBXBuildFile; fileRef = EB5830432BBED97F00A05309 /* GenresListFetcher.swift */; };
		EB58304F2BC0164900A05309 /* GenresListFetcherTests.swift in Sources */ = {isa = PBXBuildFile; fileRef = EB58304E2BC0164900A05309 /* GenresListFetcherTests.swift */; };
		EB5830562BC017D000A05309 /* MockMovieDatabaseAPIClient.swift in Sources */ = {isa = PBXBuildFile; fileRef = EB5830552BC017D000A05309 /* MockMovieDatabaseAPIClient.swift */; };
		EB5830582BC02C6A00A05309 /* TrendingViewModelTests.swift in Sources */ = {isa = PBXBuildFile; fileRef = EB5830572BC02C6A00A05309 /* TrendingViewModelTests.swift */; };
		EB58305B2BC15BBE00A05309 /* CreditsViewModel.swift in Sources */ = {isa = PBXBuildFile; fileRef = EB58305A2BC15BBE00A05309 /* CreditsViewModel.swift */; };
		EB58305D2BC15DC500A05309 /* CreditItem.swift in Sources */ = {isa = PBXBuildFile; fileRef = EB58305C2BC15DC500A05309 /* CreditItem.swift */; };
		EB58305F2BC1673700A05309 /* CreditsViewModelTests.swift in Sources */ = {isa = PBXBuildFile; fileRef = EB58305E2BC1673700A05309 /* CreditsViewModelTests.swift */; };
		EB5830622BC2541D00A05309 /* SimilarViewModel.swift in Sources */ = {isa = PBXBuildFile; fileRef = EB5830612BC2541D00A05309 /* SimilarViewModel.swift */; };
		EB5830642BC5095600A05309 /* SimilarViewModelTests.swift in Sources */ = {isa = PBXBuildFile; fileRef = EB5830632BC5095600A05309 /* SimilarViewModelTests.swift */; };
		EB5830662BC5393A00A05309 /* SearchViewModel.swift in Sources */ = {isa = PBXBuildFile; fileRef = EB5830652BC5393A00A05309 /* SearchViewModel.swift */; };
		EB5830682BC9594B00A05309 /* SearchViewModelTests.swift in Sources */ = {isa = PBXBuildFile; fileRef = EB5830672BC9594B00A05309 /* SearchViewModelTests.swift */; };
		EB58306C2BCE7E2C00A05309 /* Model.xcdatamodeld in Sources */ = {isa = PBXBuildFile; fileRef = EB5830692BCE7E2C00A05309 /* Model.xcdatamodeld */; };
		EB5830702BCE86CD00A05309 /* FavoriteService.swift in Sources */ = {isa = PBXBuildFile; fileRef = EB58306F2BCE86CD00A05309 /* FavoriteService.swift */; };
		EB5830732BCE88F900A05309 /* MediaItemEntity+CoreDataClass.swift in Sources */ = {isa = PBXBuildFile; fileRef = EB5830712BCE88F900A05309 /* MediaItemEntity+CoreDataClass.swift */; };
		EB5830742BCE88F900A05309 /* MediaItemEntity+CoreDataProperties.swift in Sources */ = {isa = PBXBuildFile; fileRef = EB5830722BCE88F900A05309 /* MediaItemEntity+CoreDataProperties.swift */; };
		EB5830762BCEA7C100A05309 /* FavoriteMediaItem.swift in Sources */ = {isa = PBXBuildFile; fileRef = EB5830752BCEA7C100A05309 /* FavoriteMediaItem.swift */; };
		EBEB9E4E2BD6708500D0DEBA /* FavoritesViewModel.swift in Sources */ = {isa = PBXBuildFile; fileRef = EBEB9E4D2BD6708500D0DEBA /* FavoritesViewModel.swift */; };
		EBEB9E502BD67B9B00D0DEBA /* FavoritesSortOption.swift in Sources */ = {isa = PBXBuildFile; fileRef = EBEB9E4F2BD67B9B00D0DEBA /* FavoritesSortOption.swift */; };
		EBEB9E522BD79D6A00D0DEBA /* MockFavoriteService.swift in Sources */ = {isa = PBXBuildFile; fileRef = EBEB9E512BD79D6A00D0DEBA /* MockFavoriteService.swift */; };
		EBEB9E552BD7C0EE00D0DEBA /* FavoritesViewModelTests.swift in Sources */ = {isa = PBXBuildFile; fileRef = EBEB9E542BD7C0EE00D0DEBA /* FavoritesViewModelTests.swift */; };
		EBEB9E572BD8D49900D0DEBA /* MediaDetailViewModel.swift in Sources */ = {isa = PBXBuildFile; fileRef = EBEB9E562BD8D49900D0DEBA /* MediaDetailViewModel.swift */; };
		EBEB9E592BD946AE00D0DEBA /* MediaDetailViewModelTests.swift in Sources */ = {isa = PBXBuildFile; fileRef = EBEB9E582BD946AE00D0DEBA /* MediaDetailViewModelTests.swift */; };
		EBEB9E5B2BDA23DB00D0DEBA /* WatchProviderViewModel.swift in Sources */ = {isa = PBXBuildFile; fileRef = EBEB9E5A2BDA23DB00D0DEBA /* WatchProviderViewModel.swift */; };
		EBEB9E5D2BDBB51900D0DEBA /* WatchProviderItem.swift in Sources */ = {isa = PBXBuildFile; fileRef = EBEB9E5C2BDBB51900D0DEBA /* WatchProviderItem.swift */; };
		EBEB9E5F2BDF6EF200D0DEBA /* AsyncImageView.swift in Sources */ = {isa = PBXBuildFile; fileRef = EBEB9E5E2BDF6EF200D0DEBA /* AsyncImageView.swift */; };
		EBEB9E632BDF8B8B00D0DEBA /* ImageURLRepresentable.swift in Sources */ = {isa = PBXBuildFile; fileRef = EBEB9E622BDF8B8B00D0DEBA /* ImageURLRepresentable.swift */; };
		EBEB9E652BDFA69600D0DEBA /* MediaDetailHeaderView.swift in Sources */ = {isa = PBXBuildFile; fileRef = EBEB9E642BDFA69600D0DEBA /* MediaDetailHeaderView.swift */; };
		EBEB9E672BE0BA5C00D0DEBA /* MediaItemView.swift in Sources */ = {isa = PBXBuildFile; fileRef = EBEB9E662BE0BA5C00D0DEBA /* MediaItemView.swift */; };
		EBEB9E692BE1D14200D0DEBA /* MediaItemsCollectionView.swift in Sources */ = {isa = PBXBuildFile; fileRef = EBEB9E682BE1D14200D0DEBA /* MediaItemsCollectionView.swift */; };
		EBEB9E6B2BE365C300D0DEBA /* MediaItemsListView.swift in Sources */ = {isa = PBXBuildFile; fileRef = EBEB9E6A2BE365C300D0DEBA /* MediaItemsListView.swift */; };
/* End PBXBuildFile section */

/* Begin PBXContainerItemProxy section */
		EB5830502BC0164900A05309 /* PBXContainerItemProxy */ = {
			isa = PBXContainerItemProxy;
			containerPortal = EB0A63CA2BA9B09400B575E2 /* Project object */;
			proxyType = 1;
			remoteGlobalIDString = EB0A63D12BA9B09400B575E2;
			remoteInfo = WhereToWatch;
		};
/* End PBXContainerItemProxy section */

/* Begin PBXFileReference section */
		EB0A63D22BA9B09400B575E2 /* WhereToWatch.app */ = {isa = PBXFileReference; explicitFileType = wrapper.application; includeInIndex = 0; path = WhereToWatch.app; sourceTree = BUILT_PRODUCTS_DIR; };
		EB0A63D52BA9B09400B575E2 /* WhereToWatchApp.swift */ = {isa = PBXFileReference; lastKnownFileType = sourcecode.swift; path = WhereToWatchApp.swift; sourceTree = "<group>"; };
		EB0A63D72BA9B09400B575E2 /* ContentView.swift */ = {isa = PBXFileReference; lastKnownFileType = sourcecode.swift; path = ContentView.swift; sourceTree = "<group>"; };
		EB0A63D92BA9B09500B575E2 /* Assets.xcassets */ = {isa = PBXFileReference; lastKnownFileType = folder.assetcatalog; path = Assets.xcassets; sourceTree = "<group>"; };
		EB0A63DB2BA9B09500B575E2 /* WhereToWatch.entitlements */ = {isa = PBXFileReference; lastKnownFileType = text.plist.entitlements; path = WhereToWatch.entitlements; sourceTree = "<group>"; };
		EB0A63DD2BA9B09500B575E2 /* Preview Assets.xcassets */ = {isa = PBXFileReference; lastKnownFileType = folder.assetcatalog; path = "Preview Assets.xcassets"; sourceTree = "<group>"; };
		EB0A63F82BA9C21800B575E2 /* en */ = {isa = PBXFileReference; lastKnownFileType = text.plist.strings; name = en; path = en.lproj/Localizable.strings; sourceTree = "<group>"; };
		EB0A63FA2BA9C21F00B575E2 /* ko */ = {isa = PBXFileReference; lastKnownFileType = text.plist.strings; name = ko; path = ko.lproj/Localizable.strings; sourceTree = "<group>"; };
		EB0A640C2BAB026800B575E2 /* Secrets.swift */ = {isa = PBXFileReference; lastKnownFileType = sourcecode.swift; path = Secrets.swift; sourceTree = "<group>"; };
		EB5830322BBBEC7900A05309 /* MediaItem.swift */ = {isa = PBXFileReference; lastKnownFileType = sourcecode.swift; path = MediaItem.swift; sourceTree = "<group>"; };
		EB5830352BBBEE4700A05309 /* Date.swift */ = {isa = PBXFileReference; lastKnownFileType = sourcecode.swift; path = Date.swift; sourceTree = "<group>"; };
		EB5830372BBBF3CE00A05309 /* MediaType.swift */ = {isa = PBXFileReference; lastKnownFileType = sourcecode.swift; path = MediaType.swift; sourceTree = "<group>"; };
		EB5830392BBD1FF500A05309 /* PreviewData.swift */ = {isa = PBXFileReference; lastKnownFileType = sourcecode.swift; path = PreviewData.swift; sourceTree = "<group>"; };
		EB58303B2BBE684D00A05309 /* MovieDatabaseAPIError.swift */ = {isa = PBXFileReference; lastKnownFileType = sourcecode.swift; path = MovieDatabaseAPIError.swift; sourceTree = "<group>"; };
		EB58303D2BBE68BB00A05309 /* WatchProviderType.swift */ = {isa = PBXFileReference; lastKnownFileType = sourcecode.swift; path = WatchProviderType.swift; sourceTree = "<group>"; };
		EB58303F2BBE6E7000A05309 /* TrendingViewModel.swift */ = {isa = PBXFileReference; lastKnownFileType = sourcecode.swift; path = TrendingViewModel.swift; sourceTree = "<group>"; };
		EB5830412BBE74CE00A05309 /* LocaleRepresentable.swift */ = {isa = PBXFileReference; lastKnownFileType = sourcecode.swift; path = LocaleRepresentable.swift; sourceTree = "<group>"; };
		EB5830432BBED97F00A05309 /* GenresListFetcher.swift */ = {isa = PBXFileReference; lastKnownFileType = sourcecode.swift; path = GenresListFetcher.swift; sourceTree = "<group>"; };
		EB58304C2BC0164900A05309 /* WhereToWatchTests.xctest */ = {isa = PBXFileReference; explicitFileType = wrapper.cfbundle; includeInIndex = 0; path = WhereToWatchTests.xctest; sourceTree = BUILT_PRODUCTS_DIR; };
		EB58304E2BC0164900A05309 /* GenresListFetcherTests.swift */ = {isa = PBXFileReference; lastKnownFileType = sourcecode.swift; path = GenresListFetcherTests.swift; sourceTree = "<group>"; };
		EB5830552BC017D000A05309 /* MockMovieDatabaseAPIClient.swift */ = {isa = PBXFileReference; lastKnownFileType = sourcecode.swift; path = MockMovieDatabaseAPIClient.swift; sourceTree = "<group>"; };
		EB5830572BC02C6A00A05309 /* TrendingViewModelTests.swift */ = {isa = PBXFileReference; lastKnownFileType = sourcecode.swift; path = TrendingViewModelTests.swift; sourceTree = "<group>"; };
		EB58305A2BC15BBE00A05309 /* CreditsViewModel.swift */ = {isa = PBXFileReference; lastKnownFileType = sourcecode.swift; path = CreditsViewModel.swift; sourceTree = "<group>"; };
		EB58305C2BC15DC500A05309 /* CreditItem.swift */ = {isa = PBXFileReference; lastKnownFileType = sourcecode.swift; path = CreditItem.swift; sourceTree = "<group>"; };
		EB58305E2BC1673700A05309 /* CreditsViewModelTests.swift */ = {isa = PBXFileReference; lastKnownFileType = sourcecode.swift; path = CreditsViewModelTests.swift; sourceTree = "<group>"; };
		EB5830612BC2541D00A05309 /* SimilarViewModel.swift */ = {isa = PBXFileReference; lastKnownFileType = sourcecode.swift; path = SimilarViewModel.swift; sourceTree = "<group>"; };
		EB5830632BC5095600A05309 /* SimilarViewModelTests.swift */ = {isa = PBXFileReference; lastKnownFileType = sourcecode.swift; path = SimilarViewModelTests.swift; sourceTree = "<group>"; };
		EB5830652BC5393A00A05309 /* SearchViewModel.swift */ = {isa = PBXFileReference; lastKnownFileType = sourcecode.swift; path = SearchViewModel.swift; sourceTree = "<group>"; };
		EB5830672BC9594B00A05309 /* SearchViewModelTests.swift */ = {isa = PBXFileReference; lastKnownFileType = sourcecode.swift; path = SearchViewModelTests.swift; sourceTree = "<group>"; };
		EB58306A2BCE7E2C00A05309 /* Model 2.xcdatamodel */ = {isa = PBXFileReference; lastKnownFileType = wrapper.xcdatamodel; path = "Model 2.xcdatamodel"; sourceTree = "<group>"; };
		EB58306B2BCE7E2C00A05309 /* Model.xcdatamodel */ = {isa = PBXFileReference; lastKnownFileType = wrapper.xcdatamodel; path = Model.xcdatamodel; sourceTree = "<group>"; };
		EB58306F2BCE86CD00A05309 /* FavoriteService.swift */ = {isa = PBXFileReference; lastKnownFileType = sourcecode.swift; path = FavoriteService.swift; sourceTree = "<group>"; };
		EB5830712BCE88F900A05309 /* MediaItemEntity+CoreDataClass.swift */ = {isa = PBXFileReference; lastKnownFileType = sourcecode.swift; path = "MediaItemEntity+CoreDataClass.swift"; sourceTree = "<group>"; };
		EB5830722BCE88F900A05309 /* MediaItemEntity+CoreDataProperties.swift */ = {isa = PBXFileReference; lastKnownFileType = sourcecode.swift; path = "MediaItemEntity+CoreDataProperties.swift"; sourceTree = "<group>"; };
		EB5830752BCEA7C100A05309 /* FavoriteMediaItem.swift */ = {isa = PBXFileReference; lastKnownFileType = sourcecode.swift; path = FavoriteMediaItem.swift; sourceTree = "<group>"; };
		EBEB9E4D2BD6708500D0DEBA /* FavoritesViewModel.swift */ = {isa = PBXFileReference; lastKnownFileType = sourcecode.swift; path = FavoritesViewModel.swift; sourceTree = "<group>"; };
		EBEB9E4F2BD67B9B00D0DEBA /* FavoritesSortOption.swift */ = {isa = PBXFileReference; lastKnownFileType = sourcecode.swift; path = FavoritesSortOption.swift; sourceTree = "<group>"; };
		EBEB9E512BD79D6A00D0DEBA /* MockFavoriteService.swift */ = {isa = PBXFileReference; lastKnownFileType = sourcecode.swift; path = MockFavoriteService.swift; sourceTree = "<group>"; };
		EBEB9E542BD7C0EE00D0DEBA /* FavoritesViewModelTests.swift */ = {isa = PBXFileReference; lastKnownFileType = sourcecode.swift; path = FavoritesViewModelTests.swift; sourceTree = "<group>"; };
		EBEB9E562BD8D49900D0DEBA /* MediaDetailViewModel.swift */ = {isa = PBXFileReference; lastKnownFileType = sourcecode.swift; path = MediaDetailViewModel.swift; sourceTree = "<group>"; };
		EBEB9E582BD946AE00D0DEBA /* MediaDetailViewModelTests.swift */ = {isa = PBXFileReference; lastKnownFileType = sourcecode.swift; path = MediaDetailViewModelTests.swift; sourceTree = "<group>"; };
		EBEB9E5A2BDA23DB00D0DEBA /* WatchProviderViewModel.swift */ = {isa = PBXFileReference; lastKnownFileType = sourcecode.swift; path = WatchProviderViewModel.swift; sourceTree = "<group>"; };
		EBEB9E5C2BDBB51900D0DEBA /* WatchProviderItem.swift */ = {isa = PBXFileReference; lastKnownFileType = sourcecode.swift; path = WatchProviderItem.swift; sourceTree = "<group>"; };
		EBEB9E5E2BDF6EF200D0DEBA /* AsyncImageView.swift */ = {isa = PBXFileReference; lastKnownFileType = sourcecode.swift; path = AsyncImageView.swift; sourceTree = "<group>"; };
		EBEB9E622BDF8B8B00D0DEBA /* ImageURLRepresentable.swift */ = {isa = PBXFileReference; fileEncoding = 4; lastKnownFileType = sourcecode.swift; path = ImageURLRepresentable.swift; sourceTree = "<group>"; };
		EBEB9E642BDFA69600D0DEBA /* MediaDetailHeaderView.swift */ = {isa = PBXFileReference; lastKnownFileType = sourcecode.swift; path = MediaDetailHeaderView.swift; sourceTree = "<group>"; };
		EBEB9E662BE0BA5C00D0DEBA /* MediaItemView.swift */ = {isa = PBXFileReference; lastKnownFileType = sourcecode.swift; path = MediaItemView.swift; sourceTree = "<group>"; };
		EBEB9E682BE1D14200D0DEBA /* MediaItemsCollectionView.swift */ = {isa = PBXFileReference; lastKnownFileType = sourcecode.swift; path = MediaItemsCollectionView.swift; sourceTree = "<group>"; };
		EBEB9E6A2BE365C300D0DEBA /* MediaItemsListView.swift */ = {isa = PBXFileReference; lastKnownFileType = sourcecode.swift; path = MediaItemsListView.swift; sourceTree = "<group>"; };
/* End PBXFileReference section */

/* Begin PBXFrameworksBuildPhase section */
		EB0A63CF2BA9B09400B575E2 /* Frameworks */ = {
			isa = PBXFrameworksBuildPhase;
			buildActionMask = 2147483647;
			files = (
				EB58302E2BB6ED0E00A05309 /* MovieDatabaseAPI in Frameworks */,
			);
			runOnlyForDeploymentPostprocessing = 0;
		};
		EB5830492BC0164900A05309 /* Frameworks */ = {
			isa = PBXFrameworksBuildPhase;
			buildActionMask = 2147483647;
			files = (
			);
			runOnlyForDeploymentPostprocessing = 0;
		};
/* End PBXFrameworksBuildPhase section */

/* Begin PBXGroup section */
		EB0A63C92BA9B09400B575E2 = {
			isa = PBXGroup;
			children = (
				EB0A63D42BA9B09400B575E2 /* WhereToWatch */,
				EB58304D2BC0164900A05309 /* WhereToWatchTests */,
				EB0A63D32BA9B09400B575E2 /* Products */,
			);
			sourceTree = "<group>";
		};
		EB0A63D32BA9B09400B575E2 /* Products */ = {
			isa = PBXGroup;
			children = (
				EB0A63D22BA9B09400B575E2 /* WhereToWatch.app */,
				EB58304C2BC0164900A05309 /* WhereToWatchTests.xctest */,
			);
			name = Products;
			sourceTree = "<group>";
		};
		EB0A63D42BA9B09400B575E2 /* WhereToWatch */ = {
			isa = PBXGroup;
			children = (
				EB0A63E42BA9BFED00B575E2 /* Resources */,
				EB0A63E52BA9BFFF00B575E2 /* Sources */,
				EB0A63DB2BA9B09500B575E2 /* WhereToWatch.entitlements */,
				EB0A63DC2BA9B09500B575E2 /* Preview Content */,
			);
			path = WhereToWatch;
			sourceTree = "<group>";
		};
		EB0A63DC2BA9B09500B575E2 /* Preview Content */ = {
			isa = PBXGroup;
			children = (
				EB5830392BBD1FF500A05309 /* PreviewData.swift */,
				EB0A63DD2BA9B09500B575E2 /* Preview Assets.xcassets */,
			);
			path = "Preview Content";
			sourceTree = "<group>";
		};
		EB0A63E42BA9BFED00B575E2 /* Resources */ = {
			isa = PBXGroup;
			children = (
				EB0A63D92BA9B09500B575E2 /* Assets.xcassets */,
				EB0A63F72BA9C21800B575E2 /* Localizable.strings */,
				EB5830692BCE7E2C00A05309 /* Model.xcdatamodeld */,
			);
			path = Resources;
			sourceTree = "<group>";
		};
		EB0A63E52BA9BFFF00B575E2 /* Sources */ = {
			isa = PBXGroup;
			children = (
				EB0A63D52BA9B09400B575E2 /* WhereToWatchApp.swift */,
				EB5830342BBBEE1F00A05309 /* Extensions */,
				EB5830302BBBD57000A05309 /* Models */,
				EB0A640B2BAB025800B575E2 /* Utilites */,
				EB58302F2BBBD53900A05309 /* ViewModels */,
				EB5830312BBBD57A00A05309 /* Views */,
			);
			path = Sources;
			sourceTree = "<group>";
		};
		EB0A640B2BAB025800B575E2 /* Utilites */ = {
			isa = PBXGroup;
			children = (
				EB5830432BBED97F00A05309 /* GenresListFetcher.swift */,
				EBEB9E622BDF8B8B00D0DEBA /* ImageURLRepresentable.swift */,
				EB5830412BBE74CE00A05309 /* LocaleRepresentable.swift */,
				EB0A640C2BAB026800B575E2 /* Secrets.swift */,
			);
			path = Utilites;
			sourceTree = "<group>";
		};
		EB58302F2BBBD53900A05309 /* ViewModels */ = {
			isa = PBXGroup;
			children = (
				EB58305A2BC15BBE00A05309 /* CreditsViewModel.swift */,
				EBEB9E4D2BD6708500D0DEBA /* FavoritesViewModel.swift */,
				EBEB9E562BD8D49900D0DEBA /* MediaDetailViewModel.swift */,
				EB5830652BC5393A00A05309 /* SearchViewModel.swift */,
				EB5830612BC2541D00A05309 /* SimilarViewModel.swift */,
				EB58303F2BBE6E7000A05309 /* TrendingViewModel.swift */,
				EBEB9E5A2BDA23DB00D0DEBA /* WatchProviderViewModel.swift */,
			);
			path = ViewModels;
			sourceTree = "<group>";
		};
		EB5830302BBBD57000A05309 /* Models */ = {
			isa = PBXGroup;
			children = (
				EB58306E2BCE86A000A05309 /* CoreData */,
				EB58306D2BCE869700A05309 /* DataModels */,
			);
			path = Models;
			sourceTree = "<group>";
		};
		EB5830312BBBD57A00A05309 /* Views */ = {
			isa = PBXGroup;
			children = (
				EBEB9E5E2BDF6EF200D0DEBA /* AsyncImageView.swift */,
				EB0A63D72BA9B09400B575E2 /* ContentView.swift */,
				EBEB9E642BDFA69600D0DEBA /* MediaDetailHeaderView.swift */,
				EBEB9E6A2BE365C300D0DEBA /* MediaItemsListView.swift */,
				EBEB9E682BE1D14200D0DEBA /* MediaItemsCollectionView.swift */,
				EBEB9E662BE0BA5C00D0DEBA /* MediaItemView.swift */,
			);
			path = Views;
			sourceTree = "<group>";
		};
		EB5830342BBBEE1F00A05309 /* Extensions */ = {
			isa = PBXGroup;
			children = (
				EB5830352BBBEE4700A05309 /* Date.swift */,
				EB5830372BBBF3CE00A05309 /* MediaType.swift */,
				EB58303B2BBE684D00A05309 /* MovieDatabaseAPIError.swift */,
				EB58303D2BBE68BB00A05309 /* WatchProviderType.swift */,
			);
			path = Extensions;
			sourceTree = "<group>";
		};
		EB58304D2BC0164900A05309 /* WhereToWatchTests */ = {
			isa = PBXGroup;
			children = (
				EBEB9E532BD79D8100D0DEBA /* TestDoubles */,
				EB5830592BC02C8200A05309 /* Tests */,
			);
			path = WhereToWatchTests;
			sourceTree = "<group>";
		};
		EB5830592BC02C8200A05309 /* Tests */ = {
			isa = PBXGroup;
			children = (
				EB58305E2BC1673700A05309 /* CreditsViewModelTests.swift */,
				EBEB9E542BD7C0EE00D0DEBA /* FavoritesViewModelTests.swift */,
				EB58304E2BC0164900A05309 /* GenresListFetcherTests.swift */,
				EBEB9E582BD946AE00D0DEBA /* MediaDetailViewModelTests.swift */,
				EB5830672BC9594B00A05309 /* SearchViewModelTests.swift */,
				EB5830632BC5095600A05309 /* SimilarViewModelTests.swift */,
				EB5830572BC02C6A00A05309 /* TrendingViewModelTests.swift */,
			);
			path = Tests;
			sourceTree = "<group>";
		};
		EB58306D2BCE869700A05309 /* DataModels */ = {
			isa = PBXGroup;
			children = (
				EB58305C2BC15DC500A05309 /* CreditItem.swift */,
				EB5830322BBBEC7900A05309 /* MediaItem.swift */,
				EBEB9E5C2BDBB51900D0DEBA /* WatchProviderItem.swift */,
			);
			path = DataModels;
			sourceTree = "<group>";
		};
		EB58306E2BCE86A000A05309 /* CoreData */ = {
			isa = PBXGroup;
			children = (
				EB5830752BCEA7C100A05309 /* FavoriteMediaItem.swift */,
				EB58306F2BCE86CD00A05309 /* FavoriteService.swift */,
				EBEB9E4F2BD67B9B00D0DEBA /* FavoritesSortOption.swift */,
				EB5830712BCE88F900A05309 /* MediaItemEntity+CoreDataClass.swift */,
				EB5830722BCE88F900A05309 /* MediaItemEntity+CoreDataProperties.swift */,
			);
			path = CoreData;
			sourceTree = "<group>";
		};
		EBEB9E532BD79D8100D0DEBA /* TestDoubles */ = {
			isa = PBXGroup;
			children = (
				EBEB9E512BD79D6A00D0DEBA /* MockFavoriteService.swift */,
				EB5830552BC017D000A05309 /* MockMovieDatabaseAPIClient.swift */,
			);
			path = TestDoubles;
			sourceTree = "<group>";
		};
/* End PBXGroup section */

/* Begin PBXNativeTarget section */
		EB0A63D12BA9B09400B575E2 /* WhereToWatch */ = {
			isa = PBXNativeTarget;
			buildConfigurationList = EB0A63E12BA9B09500B575E2 /* Build configuration list for PBXNativeTarget "WhereToWatch" */;
			buildPhases = (
				EB0A63CE2BA9B09400B575E2 /* Sources */,
				EB0A63CF2BA9B09400B575E2 /* Frameworks */,
				EB0A63D02BA9B09400B575E2 /* Resources */,
				EB0A64042BA9C61700B575E2 /* SwiftLint */,
			);
			buildRules = (
			);
			dependencies = (
			);
			name = WhereToWatch;
			packageProductDependencies = (
				EB58302D2BB6ED0E00A05309 /* MovieDatabaseAPI */,
			);
			productName = WhereToWatch;
			productReference = EB0A63D22BA9B09400B575E2 /* WhereToWatch.app */;
			productType = "com.apple.product-type.application";
		};
		EB58304B2BC0164900A05309 /* WhereToWatchTests */ = {
			isa = PBXNativeTarget;
			buildConfigurationList = EB5830542BC0164900A05309 /* Build configuration list for PBXNativeTarget "WhereToWatchTests" */;
			buildPhases = (
				EB5830482BC0164900A05309 /* Sources */,
				EB5830492BC0164900A05309 /* Frameworks */,
				EB58304A2BC0164900A05309 /* Resources */,
			);
			buildRules = (
			);
			dependencies = (
				EB5830512BC0164900A05309 /* PBXTargetDependency */,
			);
			name = WhereToWatchTests;
			productName = WhereToWatchTests;
			productReference = EB58304C2BC0164900A05309 /* WhereToWatchTests.xctest */;
			productType = "com.apple.product-type.bundle.unit-test";
		};
/* End PBXNativeTarget section */

/* Begin PBXProject section */
		EB0A63CA2BA9B09400B575E2 /* Project object */ = {
			isa = PBXProject;
			attributes = {
				BuildIndependentTargetsInParallel = 1;
				LastSwiftUpdateCheck = 1530;
				LastUpgradeCheck = 1530;
				TargetAttributes = {
					EB0A63D12BA9B09400B575E2 = {
						CreatedOnToolsVersion = 15.3;
					};
					EB58304B2BC0164900A05309 = {
						CreatedOnToolsVersion = 15.3;
						TestTargetID = EB0A63D12BA9B09400B575E2;
					};
				};
			};
			buildConfigurationList = EB0A63CD2BA9B09400B575E2 /* Build configuration list for PBXProject "WhereToWatch" */;
			compatibilityVersion = "Xcode 14.0";
			developmentRegion = en;
			hasScannedForEncodings = 0;
			knownRegions = (
				en,
				Base,
				ko,
			);
			mainGroup = EB0A63C92BA9B09400B575E2;
			packageReferences = (
				EB58302C2BB6ED0E00A05309 /* XCRemoteSwiftPackageReference "MovieDatabaseAPI" */,
			);
			productRefGroup = EB0A63D32BA9B09400B575E2 /* Products */;
			projectDirPath = "";
			projectRoot = "";
			targets = (
				EB0A63D12BA9B09400B575E2 /* WhereToWatch */,
				EB58304B2BC0164900A05309 /* WhereToWatchTests */,
			);
		};
/* End PBXProject section */

/* Begin PBXResourcesBuildPhase section */
		EB0A63D02BA9B09400B575E2 /* Resources */ = {
			isa = PBXResourcesBuildPhase;
			buildActionMask = 2147483647;
			files = (
				EB0A63DE2BA9B09500B575E2 /* Preview Assets.xcassets in Resources */,
				EB0A63F92BA9C21800B575E2 /* Localizable.strings in Resources */,
				EB0A63DA2BA9B09500B575E2 /* Assets.xcassets in Resources */,
			);
			runOnlyForDeploymentPostprocessing = 0;
		};
		EB58304A2BC0164900A05309 /* Resources */ = {
			isa = PBXResourcesBuildPhase;
			buildActionMask = 2147483647;
			files = (
			);
			runOnlyForDeploymentPostprocessing = 0;
		};
/* End PBXResourcesBuildPhase section */

/* Begin PBXShellScriptBuildPhase section */
		EB0A64042BA9C61700B575E2 /* SwiftLint */ = {
			isa = PBXShellScriptBuildPhase;
			alwaysOutOfDate = 1;
			buildActionMask = 2147483647;
			files = (
			);
			inputFileListPaths = (
			);
			inputPaths = (
			);
			name = SwiftLint;
			outputFileListPaths = (
			);
			outputPaths = (
			);
			runOnlyForDeploymentPostprocessing = 0;
			shellPath = /bin/sh;
			shellScript = "if [[ \"$(uname -m)\" == arm64 ]]; then\n    export PATH=\"/opt/homebrew/bin:$PATH\"\nfi\n\nif which swiftlint > /dev/null; then\n  swiftlint\nfi\n";
		};
/* End PBXShellScriptBuildPhase section */

/* Begin PBXSourcesBuildPhase section */
		EB0A63CE2BA9B09400B575E2 /* Sources */ = {
			isa = PBXSourcesBuildPhase;
			buildActionMask = 2147483647;
			files = (
				EBEB9E652BDFA69600D0DEBA /* MediaDetailHeaderView.swift in Sources */,
				EB5830382BBBF3CE00A05309 /* MediaType.swift in Sources */,
				EBEB9E672BE0BA5C00D0DEBA /* MediaItemView.swift in Sources */,
				EB0A63D82BA9B09400B575E2 /* ContentView.swift in Sources */,
				EB5830362BBBEE4700A05309 /* Date.swift in Sources */,
				EBEB9E502BD67B9B00D0DEBA /* FavoritesSortOption.swift in Sources */,
				EBEB9E572BD8D49900D0DEBA /* MediaDetailViewModel.swift in Sources */,
				EB5830702BCE86CD00A05309 /* FavoriteService.swift in Sources */,
				EB58305D2BC15DC500A05309 /* CreditItem.swift in Sources */,
				EB58305B2BC15BBE00A05309 /* CreditsViewModel.swift in Sources */,
				EB58306C2BCE7E2C00A05309 /* Model.xcdatamodeld in Sources */,
				EBEB9E692BE1D14200D0DEBA /* MediaItemsCollectionView.swift in Sources */,
				EB5830442BBED97F00A05309 /* GenresListFetcher.swift in Sources */,
				EB5830332BBBEC7900A05309 /* MediaItem.swift in Sources */,
				EB5830732BCE88F900A05309 /* MediaItemEntity+CoreDataClass.swift in Sources */,
				EB5830742BCE88F900A05309 /* MediaItemEntity+CoreDataProperties.swift in Sources */,
				EB0A640D2BAB026800B575E2 /* Secrets.swift in Sources */,
				EBEB9E4E2BD6708500D0DEBA /* FavoritesViewModel.swift in Sources */,
				EB0A63D62BA9B09400B575E2 /* WhereToWatchApp.swift in Sources */,
				EB58303A2BBD1FF500A05309 /* PreviewData.swift in Sources */,
				EB5830402BBE6E7000A05309 /* TrendingViewModel.swift in Sources */,
				EB58303E2BBE68BB00A05309 /* WatchProviderType.swift in Sources */,
				EB5830422BBE74CE00A05309 /* LocaleRepresentable.swift in Sources */,
				EB5830762BCEA7C100A05309 /* FavoriteMediaItem.swift in Sources */,
				EBEB9E6B2BE365C300D0DEBA /* MediaItemsListView.swift in Sources */,
				EB5830662BC5393A00A05309 /* SearchViewModel.swift in Sources */,
				EBEB9E5F2BDF6EF200D0DEBA /* AsyncImageView.swift in Sources */,
				EBEB9E5B2BDA23DB00D0DEBA /* WatchProviderViewModel.swift in Sources */,
				EBEB9E632BDF8B8B00D0DEBA /* ImageURLRepresentable.swift in Sources */,
				EB5830622BC2541D00A05309 /* SimilarViewModel.swift in Sources */,
				EB58303C2BBE684D00A05309 /* MovieDatabaseAPIError.swift in Sources */,
				EBEB9E5D2BDBB51900D0DEBA /* WatchProviderItem.swift in Sources */,
			);
			runOnlyForDeploymentPostprocessing = 0;
		};
		EB5830482BC0164900A05309 /* Sources */ = {
			isa = PBXSourcesBuildPhase;
			buildActionMask = 2147483647;
			files = (
				EB5830562BC017D000A05309 /* MockMovieDatabaseAPIClient.swift in Sources */,
				EB58304F2BC0164900A05309 /* GenresListFetcherTests.swift in Sources */,
				EBEB9E552BD7C0EE00D0DEBA /* FavoritesViewModelTests.swift in Sources */,
				EB5830682BC9594B00A05309 /* SearchViewModelTests.swift in Sources */,
				EBEB9E522BD79D6A00D0DEBA /* MockFavoriteService.swift in Sources */,
				EB5830582BC02C6A00A05309 /* TrendingViewModelTests.swift in Sources */,
				EB58305F2BC1673700A05309 /* CreditsViewModelTests.swift in Sources */,
				EBEB9E592BD946AE00D0DEBA /* MediaDetailViewModelTests.swift in Sources */,
				EB5830642BC5095600A05309 /* SimilarViewModelTests.swift in Sources */,
			);
			runOnlyForDeploymentPostprocessing = 0;
		};
/* End PBXSourcesBuildPhase section */

/* Begin PBXTargetDependency section */
		EB5830512BC0164900A05309 /* PBXTargetDependency */ = {
			isa = PBXTargetDependency;
			target = EB0A63D12BA9B09400B575E2 /* WhereToWatch */;
			targetProxy = EB5830502BC0164900A05309 /* PBXContainerItemProxy */;
		};
/* End PBXTargetDependency section */

/* Begin PBXVariantGroup section */
		EB0A63F72BA9C21800B575E2 /* Localizable.strings */ = {
			isa = PBXVariantGroup;
			children = (
				EB0A63F82BA9C21800B575E2 /* en */,
				EB0A63FA2BA9C21F00B575E2 /* ko */,
			);
			name = Localizable.strings;
			sourceTree = "<group>";
		};
/* End PBXVariantGroup section */

/* Begin XCBuildConfiguration section */
		EB0A63DF2BA9B09500B575E2 /* Debug */ = {
			isa = XCBuildConfiguration;
			buildSettings = {
				ALWAYS_SEARCH_USER_PATHS = NO;
				ASSETCATALOG_COMPILER_GENERATE_SWIFT_ASSET_SYMBOL_EXTENSIONS = YES;
				CLANG_ANALYZER_NONNULL = YES;
				CLANG_ANALYZER_NUMBER_OBJECT_CONVERSION = YES_AGGRESSIVE;
				CLANG_CXX_LANGUAGE_STANDARD = "gnu++20";
				CLANG_ENABLE_MODULES = YES;
				CLANG_ENABLE_OBJC_ARC = YES;
				CLANG_ENABLE_OBJC_WEAK = YES;
				CLANG_WARN_BLOCK_CAPTURE_AUTORELEASING = YES;
				CLANG_WARN_BOOL_CONVERSION = YES;
				CLANG_WARN_COMMA = YES;
				CLANG_WARN_CONSTANT_CONVERSION = YES;
				CLANG_WARN_DEPRECATED_OBJC_IMPLEMENTATIONS = YES;
				CLANG_WARN_DIRECT_OBJC_ISA_USAGE = YES_ERROR;
				CLANG_WARN_DOCUMENTATION_COMMENTS = YES;
				CLANG_WARN_EMPTY_BODY = YES;
				CLANG_WARN_ENUM_CONVERSION = YES;
				CLANG_WARN_INFINITE_RECURSION = YES;
				CLANG_WARN_INT_CONVERSION = YES;
				CLANG_WARN_NON_LITERAL_NULL_CONVERSION = YES;
				CLANG_WARN_OBJC_IMPLICIT_RETAIN_SELF = YES;
				CLANG_WARN_OBJC_LITERAL_CONVERSION = YES;
				CLANG_WARN_OBJC_ROOT_CLASS = YES_ERROR;
				CLANG_WARN_QUOTED_INCLUDE_IN_FRAMEWORK_HEADER = YES;
				CLANG_WARN_RANGE_LOOP_ANALYSIS = YES;
				CLANG_WARN_STRICT_PROTOTYPES = YES;
				CLANG_WARN_SUSPICIOUS_MOVE = YES;
				CLANG_WARN_UNGUARDED_AVAILABILITY = YES_AGGRESSIVE;
				CLANG_WARN_UNREACHABLE_CODE = YES;
				CLANG_WARN__DUPLICATE_METHOD_MATCH = YES;
				COPY_PHASE_STRIP = NO;
				DEBUG_INFORMATION_FORMAT = dwarf;
				ENABLE_STRICT_OBJC_MSGSEND = YES;
				ENABLE_TESTABILITY = YES;
				ENABLE_USER_SCRIPT_SANDBOXING = YES;
				GCC_C_LANGUAGE_STANDARD = gnu17;
				GCC_DYNAMIC_NO_PIC = NO;
				GCC_NO_COMMON_BLOCKS = YES;
				GCC_OPTIMIZATION_LEVEL = 0;
				GCC_PREPROCESSOR_DEFINITIONS = (
					"DEBUG=1",
					"$(inherited)",
				);
				GCC_WARN_64_TO_32_BIT_CONVERSION = YES;
				GCC_WARN_ABOUT_RETURN_TYPE = YES_ERROR;
				GCC_WARN_UNDECLARED_SELECTOR = YES;
				GCC_WARN_UNINITIALIZED_AUTOS = YES_AGGRESSIVE;
				GCC_WARN_UNUSED_FUNCTION = YES;
				GCC_WARN_UNUSED_VARIABLE = YES;
				IPHONEOS_DEPLOYMENT_TARGET = 17.0;
				LOCALIZATION_PREFERS_STRING_CATALOGS = YES;
				MTL_ENABLE_DEBUG_INFO = INCLUDE_SOURCE;
				MTL_FAST_MATH = YES;
				ONLY_ACTIVE_ARCH = YES;
				SDKROOT = iphoneos;
				SUPPORTED_PLATFORMS = "iphonesimulator iphoneos";
				SWIFT_ACTIVE_COMPILATION_CONDITIONS = "DEBUG $(inherited)";
				SWIFT_OPTIMIZATION_LEVEL = "-Onone";
			};
			name = Debug;
		};
		EB0A63E02BA9B09500B575E2 /* Release */ = {
			isa = XCBuildConfiguration;
			buildSettings = {
				ALWAYS_SEARCH_USER_PATHS = NO;
				ASSETCATALOG_COMPILER_GENERATE_SWIFT_ASSET_SYMBOL_EXTENSIONS = YES;
				CLANG_ANALYZER_NONNULL = YES;
				CLANG_ANALYZER_NUMBER_OBJECT_CONVERSION = YES_AGGRESSIVE;
				CLANG_CXX_LANGUAGE_STANDARD = "gnu++20";
				CLANG_ENABLE_MODULES = YES;
				CLANG_ENABLE_OBJC_ARC = YES;
				CLANG_ENABLE_OBJC_WEAK = YES;
				CLANG_WARN_BLOCK_CAPTURE_AUTORELEASING = YES;
				CLANG_WARN_BOOL_CONVERSION = YES;
				CLANG_WARN_COMMA = YES;
				CLANG_WARN_CONSTANT_CONVERSION = YES;
				CLANG_WARN_DEPRECATED_OBJC_IMPLEMENTATIONS = YES;
				CLANG_WARN_DIRECT_OBJC_ISA_USAGE = YES_ERROR;
				CLANG_WARN_DOCUMENTATION_COMMENTS = YES;
				CLANG_WARN_EMPTY_BODY = YES;
				CLANG_WARN_ENUM_CONVERSION = YES;
				CLANG_WARN_INFINITE_RECURSION = YES;
				CLANG_WARN_INT_CONVERSION = YES;
				CLANG_WARN_NON_LITERAL_NULL_CONVERSION = YES;
				CLANG_WARN_OBJC_IMPLICIT_RETAIN_SELF = YES;
				CLANG_WARN_OBJC_LITERAL_CONVERSION = YES;
				CLANG_WARN_OBJC_ROOT_CLASS = YES_ERROR;
				CLANG_WARN_QUOTED_INCLUDE_IN_FRAMEWORK_HEADER = YES;
				CLANG_WARN_RANGE_LOOP_ANALYSIS = YES;
				CLANG_WARN_STRICT_PROTOTYPES = YES;
				CLANG_WARN_SUSPICIOUS_MOVE = YES;
				CLANG_WARN_UNGUARDED_AVAILABILITY = YES_AGGRESSIVE;
				CLANG_WARN_UNREACHABLE_CODE = YES;
				CLANG_WARN__DUPLICATE_METHOD_MATCH = YES;
				COPY_PHASE_STRIP = NO;
				DEBUG_INFORMATION_FORMAT = "dwarf-with-dsym";
				ENABLE_NS_ASSERTIONS = NO;
				ENABLE_STRICT_OBJC_MSGSEND = YES;
				ENABLE_USER_SCRIPT_SANDBOXING = YES;
				GCC_C_LANGUAGE_STANDARD = gnu17;
				GCC_NO_COMMON_BLOCKS = YES;
				GCC_WARN_64_TO_32_BIT_CONVERSION = YES;
				GCC_WARN_ABOUT_RETURN_TYPE = YES_ERROR;
				GCC_WARN_UNDECLARED_SELECTOR = YES;
				GCC_WARN_UNINITIALIZED_AUTOS = YES_AGGRESSIVE;
				GCC_WARN_UNUSED_FUNCTION = YES;
				GCC_WARN_UNUSED_VARIABLE = YES;
				IPHONEOS_DEPLOYMENT_TARGET = 17.0;
				LOCALIZATION_PREFERS_STRING_CATALOGS = YES;
				MTL_ENABLE_DEBUG_INFO = NO;
				MTL_FAST_MATH = YES;
				SDKROOT = iphoneos;
				SUPPORTED_PLATFORMS = "iphonesimulator iphoneos";
				SWIFT_COMPILATION_MODE = wholemodule;
			};
			name = Release;
		};
		EB0A63E22BA9B09500B575E2 /* Debug */ = {
			isa = XCBuildConfiguration;
			buildSettings = {
				ASSETCATALOG_COMPILER_APPICON_NAME = AppIcon;
				ASSETCATALOG_COMPILER_GLOBAL_ACCENT_COLOR_NAME = AccentColor;
				CODE_SIGN_ENTITLEMENTS = WhereToWatch/WhereToWatch.entitlements;
				CODE_SIGN_STYLE = Automatic;
				CURRENT_PROJECT_VERSION = 1;
				DEVELOPMENT_ASSET_PATHS = "WhereToWatch/Preview\\ Content";
				DEVELOPMENT_TEAM = Q76RZAC2A2;
				ENABLE_HARDENED_RUNTIME = YES;
				ENABLE_PREVIEWS = YES;
				ENABLE_USER_SCRIPT_SANDBOXING = NO;
				GENERATE_INFOPLIST_FILE = YES;
				INFOPLIST_KEY_CFBundleDisplayName = "Where To Watch";
				INFOPLIST_KEY_LSApplicationCategoryType = "public.app-category.entertainment";
				"INFOPLIST_KEY_UIApplicationSceneManifest_Generation[sdk=iphoneos*]" = YES;
				"INFOPLIST_KEY_UIApplicationSceneManifest_Generation[sdk=iphonesimulator*]" = YES;
				"INFOPLIST_KEY_UIApplicationSupportsIndirectInputEvents[sdk=iphoneos*]" = YES;
				"INFOPLIST_KEY_UIApplicationSupportsIndirectInputEvents[sdk=iphonesimulator*]" = YES;
				"INFOPLIST_KEY_UILaunchScreen_Generation[sdk=iphoneos*]" = YES;
				"INFOPLIST_KEY_UILaunchScreen_Generation[sdk=iphonesimulator*]" = YES;
				INFOPLIST_KEY_UIStatusBarHidden = NO;
				INFOPLIST_KEY_UIStatusBarStyle = "";
				"INFOPLIST_KEY_UIStatusBarStyle[sdk=iphoneos*]" = UIStatusBarStyleDefault;
				"INFOPLIST_KEY_UIStatusBarStyle[sdk=iphonesimulator*]" = UIStatusBarStyleDefault;
				INFOPLIST_KEY_UISupportedInterfaceOrientations = UIInterfaceOrientationPortrait;
				IPHONEOS_DEPLOYMENT_TARGET = 17.0;
				LD_RUNPATH_SEARCH_PATHS = "@executable_path/Frameworks";
				"LD_RUNPATH_SEARCH_PATHS[sdk=macosx*]" = "@executable_path/../Frameworks";
				MACOSX_DEPLOYMENT_TARGET = 14.0;
				MARKETING_VERSION = 2.0.0;
				PRODUCT_BUNDLE_IDENTIFIER = com.junho.WhereToWatch;
				PRODUCT_NAME = "$(TARGET_NAME)";
				SDKROOT = auto;
				SUPPORTED_PLATFORMS = "iphoneos iphonesimulator";
				SUPPORTS_MACCATALYST = NO;
				SUPPORTS_MAC_DESIGNED_FOR_IPHONE_IPAD = NO;
				SUPPORTS_XR_DESIGNED_FOR_IPHONE_IPAD = NO;
				SWIFT_EMIT_LOC_STRINGS = YES;
				SWIFT_VERSION = 5.0;
				TARGETED_DEVICE_FAMILY = 1;
			};
			name = Debug;
		};
		EB0A63E32BA9B09500B575E2 /* Release */ = {
			isa = XCBuildConfiguration;
			buildSettings = {
				ASSETCATALOG_COMPILER_APPICON_NAME = AppIcon;
				ASSETCATALOG_COMPILER_GLOBAL_ACCENT_COLOR_NAME = AccentColor;
				CODE_SIGN_ENTITLEMENTS = WhereToWatch/WhereToWatch.entitlements;
				CODE_SIGN_STYLE = Automatic;
				CURRENT_PROJECT_VERSION = 1;
				DEVELOPMENT_ASSET_PATHS = "WhereToWatch/Preview\\ Content";
				DEVELOPMENT_TEAM = Q76RZAC2A2;
				ENABLE_HARDENED_RUNTIME = YES;
				ENABLE_PREVIEWS = YES;
				ENABLE_USER_SCRIPT_SANDBOXING = NO;
				GENERATE_INFOPLIST_FILE = YES;
				INFOPLIST_KEY_CFBundleDisplayName = "Where To Watch";
				INFOPLIST_KEY_LSApplicationCategoryType = "public.app-category.entertainment";
				"INFOPLIST_KEY_UIApplicationSceneManifest_Generation[sdk=iphoneos*]" = YES;
				"INFOPLIST_KEY_UIApplicationSceneManifest_Generation[sdk=iphonesimulator*]" = YES;
				"INFOPLIST_KEY_UIApplicationSupportsIndirectInputEvents[sdk=iphoneos*]" = YES;
				"INFOPLIST_KEY_UIApplicationSupportsIndirectInputEvents[sdk=iphonesimulator*]" = YES;
				"INFOPLIST_KEY_UILaunchScreen_Generation[sdk=iphoneos*]" = YES;
				"INFOPLIST_KEY_UILaunchScreen_Generation[sdk=iphonesimulator*]" = YES;
				INFOPLIST_KEY_UIStatusBarHidden = NO;
				INFOPLIST_KEY_UIStatusBarStyle = "";
				"INFOPLIST_KEY_UIStatusBarStyle[sdk=iphoneos*]" = UIStatusBarStyleDefault;
				"INFOPLIST_KEY_UIStatusBarStyle[sdk=iphonesimulator*]" = UIStatusBarStyleDefault;
				INFOPLIST_KEY_UISupportedInterfaceOrientations = UIInterfaceOrientationPortrait;
				IPHONEOS_DEPLOYMENT_TARGET = 17.0;
				LD_RUNPATH_SEARCH_PATHS = "@executable_path/Frameworks";
				"LD_RUNPATH_SEARCH_PATHS[sdk=macosx*]" = "@executable_path/../Frameworks";
				MACOSX_DEPLOYMENT_TARGET = 14.0;
				MARKETING_VERSION = 2.0.0;
				PRODUCT_BUNDLE_IDENTIFIER = com.junho.WhereToWatch;
				PRODUCT_NAME = "$(TARGET_NAME)";
				SDKROOT = auto;
				SUPPORTED_PLATFORMS = "iphoneos iphonesimulator";
				SUPPORTS_MACCATALYST = NO;
				SUPPORTS_MAC_DESIGNED_FOR_IPHONE_IPAD = NO;
				SUPPORTS_XR_DESIGNED_FOR_IPHONE_IPAD = NO;
				SWIFT_EMIT_LOC_STRINGS = YES;
				SWIFT_VERSION = 5.0;
				TARGETED_DEVICE_FAMILY = 1;
			};
			name = Release;
		};
		EB5830522BC0164900A05309 /* Debug */ = {
			isa = XCBuildConfiguration;
			buildSettings = {
				BUNDLE_LOADER = "$(TEST_HOST)";
				CODE_SIGN_STYLE = Automatic;
				CURRENT_PROJECT_VERSION = 1;
				DEVELOPMENT_TEAM = Q76RZAC2A2;
				GENERATE_INFOPLIST_FILE = YES;
				IPHONEOS_DEPLOYMENT_TARGET = 17.0;
				MARKETING_VERSION = 1.0;
				PRODUCT_BUNDLE_IDENTIFIER = com.junho.WhereToWatchTests;
				PRODUCT_NAME = "$(TARGET_NAME)";
				SUPPORTED_PLATFORMS = "iphoneos iphonesimulator";
				SUPPORTS_MACCATALYST = NO;
				SUPPORTS_MAC_DESIGNED_FOR_IPHONE_IPAD = NO;
				SUPPORTS_XR_DESIGNED_FOR_IPHONE_IPAD = NO;
				SWIFT_EMIT_LOC_STRINGS = NO;
				SWIFT_VERSION = 5.0;
				TARGETED_DEVICE_FAMILY = 1;
				TEST_HOST = "$(BUILT_PRODUCTS_DIR)/WhereToWatch.app/$(BUNDLE_EXECUTABLE_FOLDER_PATH)/WhereToWatch";
			};
			name = Debug;
		};
		EB5830532BC0164900A05309 /* Release */ = {
			isa = XCBuildConfiguration;
			buildSettings = {
				BUNDLE_LOADER = "$(TEST_HOST)";
				CODE_SIGN_STYLE = Automatic;
				CURRENT_PROJECT_VERSION = 1;
				DEVELOPMENT_TEAM = Q76RZAC2A2;
				GENERATE_INFOPLIST_FILE = YES;
				IPHONEOS_DEPLOYMENT_TARGET = 17.0;
				MARKETING_VERSION = 1.0;
				PRODUCT_BUNDLE_IDENTIFIER = com.junho.WhereToWatchTests;
				PRODUCT_NAME = "$(TARGET_NAME)";
				SUPPORTED_PLATFORMS = "iphoneos iphonesimulator";
				SUPPORTS_MACCATALYST = NO;
				SUPPORTS_MAC_DESIGNED_FOR_IPHONE_IPAD = NO;
				SUPPORTS_XR_DESIGNED_FOR_IPHONE_IPAD = NO;
				SWIFT_EMIT_LOC_STRINGS = NO;
				SWIFT_VERSION = 5.0;
				TARGETED_DEVICE_FAMILY = 1;
				TEST_HOST = "$(BUILT_PRODUCTS_DIR)/WhereToWatch.app/$(BUNDLE_EXECUTABLE_FOLDER_PATH)/WhereToWatch";
				VALIDATE_PRODUCT = YES;
			};
			name = Release;
		};
/* End XCBuildConfiguration section */

/* Begin XCConfigurationList section */
		EB0A63CD2BA9B09400B575E2 /* Build configuration list for PBXProject "WhereToWatch" */ = {
			isa = XCConfigurationList;
			buildConfigurations = (
				EB0A63DF2BA9B09500B575E2 /* Debug */,
				EB0A63E02BA9B09500B575E2 /* Release */,
			);
			defaultConfigurationIsVisible = 0;
			defaultConfigurationName = Release;
		};
		EB0A63E12BA9B09500B575E2 /* Build configuration list for PBXNativeTarget "WhereToWatch" */ = {
			isa = XCConfigurationList;
			buildConfigurations = (
				EB0A63E22BA9B09500B575E2 /* Debug */,
				EB0A63E32BA9B09500B575E2 /* Release */,
			);
			defaultConfigurationIsVisible = 0;
			defaultConfigurationName = Release;
		};
		EB5830542BC0164900A05309 /* Build configuration list for PBXNativeTarget "WhereToWatchTests" */ = {
			isa = XCConfigurationList;
			buildConfigurations = (
				EB5830522BC0164900A05309 /* Debug */,
				EB5830532BC0164900A05309 /* Release */,
			);
			defaultConfigurationIsVisible = 0;
			defaultConfigurationName = Release;
		};
/* End XCConfigurationList section */

/* Begin XCRemoteSwiftPackageReference section */
		EB58302C2BB6ED0E00A05309 /* XCRemoteSwiftPackageReference "MovieDatabaseAPI" */ = {
			isa = XCRemoteSwiftPackageReference;
			repositoryURL = "https://github.com/junho15/MovieDatabaseAPI.git";
			requirement = {
				kind = upToNextMajorVersion;
				minimumVersion = 1.0.0;
			};
		};
/* End XCRemoteSwiftPackageReference section */

/* Begin XCSwiftPackageProductDependency section */
		EB58302D2BB6ED0E00A05309 /* MovieDatabaseAPI */ = {
			isa = XCSwiftPackageProductDependency;
			package = EB58302C2BB6ED0E00A05309 /* XCRemoteSwiftPackageReference "MovieDatabaseAPI" */;
			productName = MovieDatabaseAPI;
		};
/* End XCSwiftPackageProductDependency section */

/* Begin XCVersionGroup section */
		EB5830692BCE7E2C00A05309 /* Model.xcdatamodeld */ = {
			isa = XCVersionGroup;
			children = (
				EB58306A2BCE7E2C00A05309 /* Model 2.xcdatamodel */,
				EB58306B2BCE7E2C00A05309 /* Model.xcdatamodel */,
			);
			currentVersion = EB58306B2BCE7E2C00A05309 /* Model.xcdatamodel */;
			name = Model.xcdatamodeld;
			path = "/Users/junholee/개인/Code/WhereToWatchSwiftUI/WhereToWatch/Resources/Model.xcdatamodeld";
			sourceTree = "<group>";
			versionGroupType = wrapper.xcdatamodel;
		};
/* End XCVersionGroup section */
	};
	rootObject = EB0A63CA2BA9B09400B575E2 /* Project object */;
}
